
Microsoft Visual Studio Solution File, Format Version 12.00
# Visual Studio Version 16
VisualStudioVersion = 16.0.33214.272
MinimumVisualStudioVersion = 10.0.40219.1
Project("{FAE04EC0-301F-11D3-BF4B-00C04F79EFBC}") = "App_Mascotas", "App_Mascotas\App_Mascotas.csproj", "{242C582D-76B7-4264-9280-8B941ADF9E19}"
EndProject
Project("{FAE04EC0-301F-11D3-BF4B-00C04F79EFBC}") = "Web", "Web\Web.csproj", "{2DC03204-861C-4DF4-97F8-07369BA14596}"
EndProject
Project("{FAE04EC0-301F-11D3-BF4B-00C04F79EFBC}") = "Dominio", "Dominio\Dominio.csproj", "{C808F40E-9B45-4B0E-B63B-003490D76A7B}"
EndProject
Project("{FAE04EC0-301F-11D3-BF4B-00C04F79EFBC}") = "Negocio", "Negocio\Negocio.csproj", "{503E5C4C-DBB6-42C4-8AE7-BAF02EECA7FE}"
EndProject
Global
	GlobalSection(SolutionConfigurationPlatforms) = preSolution
		Debug|Any CPU = Debug|Any CPU
		Release|Any CPU = Release|Any CPU
	EndGlobalSection
	GlobalSection(ProjectConfigurationPlatforms) = postSolution
		{242C582D-76B7-4264-9280-8B941ADF9E19}.Debug|Any CPU.ActiveCfg = Debug|Any CPU
		{242C582D-76B7-4264-9280-8B941ADF9E19}.Debug|Any CPU.Build.0 = Debug|Any CPU
		{242C582D-76B7-4264-9280-8B941ADF9E19}.Release|Any CPU.ActiveCfg = Release|Any CPU
		{242C582D-76B7-4264-9280-8B941ADF9E19}.Release|Any CPU.Build.0 = Release|Any CPU
		{2DC03204-861C-4DF4-97F8-07369BA14596}.Debug|Any CPU.ActiveCfg = Debug|Any CPU
		{2DC03204-861C-4DF4-97F8-07369BA14596}.Debug|Any CPU.Build.0 = Debug|Any CPU
		{2DC03204-861C-4DF4-97F8-07369BA14596}.Release|Any CPU.ActiveCfg = Release|Any CPU
		{2DC03204-861C-4DF4-97F8-07369BA14596}.Release|Any CPU.Build.0 = Release|Any CPU
		{C808F40E-9B45-4B0E-B63B-003490D76A7B}.Debug|Any CPU.ActiveCfg = Debug|Any CPU
		{C808F40E-9B45-4B0E-B63B-003490D76A7B}.Debug|Any CPU.Build.0 = Debug|Any CPU
		{C808F40E-9B45-4B0E-B63B-003490D76A7B}.Release|Any CPU.ActiveCfg = Release|Any CPU
		{C808F40E-9B45-4B0E-B63B-003490D76A7B}.Release|Any CPU.Build.0 = Release|Any CPU
		{503E5C4C-DBB6-42C4-8AE7-BAF02EECA7FE}.Debug|Any CPU.ActiveCfg = Debug|Any CPU
		{503E5C4C-DBB6-42C4-8AE7-BAF02EECA7FE}.Debug|Any CPU.Build.0 = Debug|Any CPU
		{503E5C4C-DBB6-42C4-8AE7-BAF02EECA7FE}.Release|Any CPU.ActiveCfg = Release|Any CPU
		{503E5C4C-DBB6-42C4-8AE7-BAF02EECA7FE}.Release|Any CPU.Build.0 = Release|Any CPU
	EndGlobalSection
	GlobalSection(SolutionProperties) = preSolution
		HideSolutionNode = FALSE
	EndGlobalSection
	GlobalSection(ExtensibilityGlobals) = postSolution
		SolutionGuid = {F1129EF7-0D22-43BC-A6E2-44035DDFC6B9}
	EndGlobalSection
EndGlobal
